
Microsoft Visual Studio Solution File, Format Version 12.00
# Visual Studio Version 17
VisualStudioVersion = 17.9.34607.119
MinimumVisualStudioVersion = 10.0.40219.1
Project("{FAE04EC0-301F-11D3-BF4B-00C04F79EFBC}") = "WordSearch", "WordSearch\WordSearch.csproj", "{B0B49471-8854-435A-AA89-67AE636D903F}"
EndProject
Global
	GlobalSection(SolutionConfigurationPlatforms) = preSolution
		Debug|Any CPU = Debug|Any CPU
		Release|Any CPU = Release|Any CPU
	EndGlobalSection
	GlobalSection(ProjectConfigurationPlatforms) = postSolution
		{B0B49471-8854-435A-AA89-67AE636D903F}.Debug|Any CPU.ActiveCfg = Debug|Any CPU
		{B0B49471-8854-435A-AA89-67AE636D903F}.Debug|Any CPU.Build.0 = Debug|Any CPU
		{B0B49471-8854-435A-AA89-67AE636D903F}.Release|Any CPU.ActiveCfg = Release|Any CPU
		{B0B49471-8854-435A-AA89-67AE636D903F}.Release|Any CPU.Build.0 = Release|Any CPU
	EndGlobalSection
	GlobalSection(SolutionProperties) = preSolution
		HideSolutionNode = FALSE
	EndGlobalSection
	GlobalSection(ExtensibilityGlobals) = postSolution
		SolutionGuid = {8E2BAE45-C261-4ADF-AC20-05AC6E717DFC}
	EndGlobalSection
EndGlobal
